
Microsoft Visual Studio Solution File, Format Version 12.00
Project("{FAE04EC0-301F-11D3-BF4B-00C04F79EFBC}") = "Yuexintu.SDK", "Yuexintu.SDK\Yuexintu.SDK.csproj", "{EB9B8082-7178-4CD0-845C-30217F13A37E}"
EndProject
Project("{FAE04EC0-301F-11D3-BF4B-00C04F79EFBC}") = "Yuexintu.Simulator", "Yuexintu.Simulator\Yuexintu.Simulator.csproj", "{7BF71A02-A0F4-4B3D-9E5E-AEE2806118F2}"
EndProject
Global
	GlobalSection(SolutionConfigurationPlatforms) = preSolution
		Debug|Any CPU = Debug|Any CPU
		Release|Any CPU = Release|Any CPU
	EndGlobalSection
	GlobalSection(ProjectConfigurationPlatforms) = postSolution
		{EB9B8082-7178-4CD0-845C-30217F13A37E}.Debug|Any CPU.ActiveCfg = Debug|Any CPU
		{EB9B8082-7178-4CD0-845C-30217F13A37E}.Debug|Any CPU.Build.0 = Debug|Any CPU
		{EB9B8082-7178-4CD0-845C-30217F13A37E}.Release|Any CPU.ActiveCfg = Release|Any CPU
		{EB9B8082-7178-4CD0-845C-30217F13A37E}.Release|Any CPU.Build.0 = Release|Any CPU
		{7BF71A02-A0F4-4B3D-9E5E-AEE2806118F2}.Debug|Any CPU.ActiveCfg = Debug|Any CPU
		{7BF71A02-A0F4-4B3D-9E5E-AEE2806118F2}.Debug|Any CPU.Build.0 = Debug|Any CPU
		{7BF71A02-A0F4-4B3D-9E5E-AEE2806118F2}.Release|Any CPU.ActiveCfg = Release|Any CPU
		{7BF71A02-A0F4-4B3D-9E5E-AEE2806118F2}.Release|Any CPU.Build.0 = Release|Any CPU
	EndGlobalSection
EndGlobal
